
Microsoft Visual Studio Solution File, Format Version 12.00
# Visual Studio Version 16
VisualStudioVersion = 16.0.28803.156
MinimumVisualStudioVersion = 10.0.40219.1
Project("{FAE04EC0-301F-11D3-BF4B-00C04F79EFBC}") = "Simit Saray", "Simit Saray\Simit Saray.csproj", "{601670D7-DBA8-4A2E-A593-0A43DE531BEA}"
EndProject
Global
	GlobalSection(SolutionConfigurationPlatforms) = preSolution
		Debug|Any CPU = Debug|Any CPU
		Release|Any CPU = Release|Any CPU
	EndGlobalSection
	GlobalSection(ProjectConfigurationPlatforms) = postSolution
		{601670D7-DBA8-4A2E-A593-0A43DE531BEA}.Debug|Any CPU.ActiveCfg = Debug|Any CPU
		{601670D7-DBA8-4A2E-A593-0A43DE531BEA}.Debug|Any CPU.Build.0 = Debug|Any CPU
		{601670D7-DBA8-4A2E-A593-0A43DE531BEA}.Release|Any CPU.ActiveCfg = Release|Any CPU
		{601670D7-DBA8-4A2E-A593-0A43DE531BEA}.Release|Any CPU.Build.0 = Release|Any CPU
	EndGlobalSection
	GlobalSection(SolutionProperties) = preSolution
		HideSolutionNode = FALSE
	EndGlobalSection
	GlobalSection(ExtensibilityGlobals) = postSolution
		SolutionGuid = {33B45CE5-3C39-4EBB-BD4B-1AFB349BDF7C}
	EndGlobalSection
EndGlobal
